<?xml version="1.0" encoding="utf-8"?>
<Project ToolsVersion="4.0" xmlns="http://schemas.microsoft.com/developer/msbuild/2003">
  <ItemGroup>
    <Filter Include="Precompiled">
      <UniqueIdentifier>{c54e400a-0b22-4fb9-ad4a-68aaa9abc7ca}</UniqueIdentifier>
    </Filter>
    <Filter Include="Game">
      <UniqueIdentifier>{d6a6b6cd-f9a5-4355-88ae-c73c49b1ecae}</UniqueIdentifier>
    </Filter>
    <Filter Include="Game\Levels">
      <UniqueIdentifier>{eb42e325-6dc2-4ec9-a38c-fed4827f3174}</UniqueIdentifier>
    </Filter>
    <Filter Include="Game\Behaviors">
      <UniqueIdentifier>{30b4313e-2f34-40ba-9613-d250bab122eb}</UniqueIdentifier>
    </Filter>
    <Filter Include="Game\Metroid">
      <UniqueIdentifier>{dc5cf687-0d18-4c5d-be1b-a81765ecab15}</UniqueIdentifier>
    </Filter>
  </ItemGroup>
  <ItemGroup>
    <ClCompile Include="Source\Main.cpp" />
    <ClCompile Include="Source\stdafx.cpp">
      <Filter>Precompiled</Filter>
    </ClCompile>
    <ClCompile Include="Source\MonkeyMovement.cpp">
      <Filter>Game\Behaviors</Filter>
    </ClCompile>
    <ClCompile Include="Source\PlayerShip.cpp">
      <Filter>Game\Behaviors</Filter>
    </ClCompile>
    <ClCompile Include="Source\TimedDeath.cpp">
      <Filter>Game\Behaviors</Filter>
    </ClCompile>
    <ClCompile Include="Source\ColorChange.cpp">
      <Filter>Game\Behaviors</Filter>
    </ClCompile>
    <ClCompile Include="Source\ScreenWrap.cpp">
      <Filter>Game\Behaviors</Filter>
    </ClCompile>
    <ClCompile Include="Source\Archetypes.cpp">
      <Filter>Game</Filter>
    </ClCompile>
    <ClCompile Include="Source\Registers.cpp">
      <Filter>Game</Filter>
    </ClCompile>
    <ClCompile Include="Source\Asteroid.cpp">
      <Filter>Game\Behaviors</Filter>
    </ClCompile>
    <ClCompile Include="Source\PlayerProjectile.cpp">
      <Filter>Game\Behaviors</Filter>
    </ClCompile>
    <ClCompile Include="Source\PlayerController.cpp">
      <Filter>Game\Metroid</Filter>
    </ClCompile>
    <ClCompile Include="Source\CameraFollow.cpp">
      <Filter>Game\Metroid</Filter>
    </ClCompile>
    <ClCompile Include="Source\MainLevel.cpp">
      <Filter>Game\Metroid</Filter>
    </ClCompile>
    <ClCompile Include="Source\SamusBullet.cpp">
      <Filter>Game\Metroid</Filter>
    </ClCompile>
    <ClCompile Include="Source\Enemy.cpp">
      <Filter>Game\Behaviors</Filter>
    </ClCompile>
  </ItemGroup>
  <ItemGroup>
    <ClInclude Include="Source\stdafx.h">
      <Filter>Precompiled</Filter>
    </ClInclude>
    <ClInclude Include="Source\MonkeyMovement.h">
      <Filter>Game\Behaviors</Filter>
    </ClInclude>
    <ClInclude Include="Source\PlayerShip.h">
      <Filter>Game\Behaviors</Filter>
    </ClInclude>
    <ClInclude Include="Source\TimedDeath.h">
      <Filter>Game\Behaviors</Filter>
    </ClInclude>
    <ClInclude Include="Source\ColorChange.h">
      <Filter>Game\Behaviors</Filter>
    </ClInclude>
    <ClInclude Include="Source\ScreenWrap.h">
      <Filter>Game\Behaviors</Filter>
    </ClInclude>
    <ClInclude Include="Source\Archetypes.h">
      <Filter>Game</Filter>
    </ClInclude>
    <ClInclude Include="Source\Registers.h">
      <Filter>Game</Filter>
    </ClInclude>
    <ClInclude Include="Source\Asteroid.h">
      <Filter>Game\Behaviors</Filter>
    </ClInclude>
    <ClInclude Include="Source\PlayerProjectile.h">
      <Filter>Game\Behaviors</Filter>
    </ClInclude>
    <ClInclude Include="Source\PlayerController.h">
      <Filter>Game\Metroid</Filter>
    </ClInclude>
    <ClInclude Include="Source\CameraFollow.h">
      <Filter>Game\Metroid</Filter>
    </ClInclude>
    <ClInclude Include="Source\MainLevel.h">
      <Filter>Game\Metroid</Filter>
    </ClInclude>
    <ClInclude Include="Source\SamusBullet.h">
      <Filter>Game\Metroid</Filter>
    </ClInclude>
    <ClInclude Include="Source\Enemy.h">
      <Filter>Game\Behaviors</Filter>
    </ClInclude>
  </ItemGroup>
</Project>