<?xml version="1.0" encoding="utf-8"?>
<Project ToolsVersion="4.0" xmlns="http://schemas.microsoft.com/developer/msbuild/2003">
  <ItemGroup>
    <ClCompile Include="Source\Archetypes.cpp" />
    <ClCompile Include="Source\Asteroid.cpp" />
    <ClCompile Include="Source\BatEnemyAI.cpp" />
    <ClCompile Include="Source\CameraFollow.cpp" />
    <ClCompile Include="Source\DoorBehavior.cpp" />
    <ClCompile Include="Source\CrawlerEnemy.cpp" />
    <ClCompile Include="Source\Health.cpp" />
    <ClCompile Include="Source\MainLevel.cpp" />
    <ClCompile Include="Source\ColorChange.cpp" />
    <ClCompile Include="Source\Main.cpp" />
    <ClCompile Include="Source\MonkeyMovement.cpp" />
    <ClCompile Include="Source\PlayerController.cpp" />
    <ClCompile Include="Source\PlayerProjectile.cpp" />
    <ClCompile Include="Source\PlayerShip.cpp" />
    <ClCompile Include="Source\Registers.cpp" />
    <ClCompile Include="Source\SamusBullet.cpp" />
    <ClCompile Include="Source\ScreenWrap.cpp" />
    <ClCompile Include="Source\stdafx.cpp" />
    <ClCompile Include="Source\TimedDeath.cpp" />
    <ClCompile Include="Source\StartScreen.cpp" />
    <ClCompile Include="Source\PlusLevel.cpp" />
  </ItemGroup>
  <ItemGroup>
    <ClInclude Include="Source\Archetypes.h" />
    <ClInclude Include="Source\Asteroid.h" />
    <ClInclude Include="Source\BatEnemyAI.h" />
    <ClInclude Include="Source\CameraFollow.h" />
    <ClInclude Include="Source\ColorChange.h" />
    <ClInclude Include="Source\DoorBehavior.h" />
    <ClInclude Include="Source\CrawlerEnemy.h" />
    <ClInclude Include="Source\Health.h" />
    <ClInclude Include="Source\MainLevel.h" />
    <ClInclude Include="Source\MonkeyMovement.h" />
    <ClInclude Include="Source\PlayerController.h" />
    <ClInclude Include="Source\PlayerProjectile.h" />
    <ClInclude Include="Source\PlayerShip.h" />
    <ClInclude Include="Source\Registers.h" />
    <ClInclude Include="Source\SamusBullet.h" />
    <ClInclude Include="Source\ScreenWrap.h" />
    <ClInclude Include="Source\stdafx.h" />
    <ClInclude Include="Source\TimedDeath.h" />
    <ClInclude Include="Source\StartScreen.h" />
    <ClInclude Include="Source\PlusLevel.h" />
  </ItemGroup>
</Project>